
Microsoft Visual Studio Solution File, Format Version 12.00
# Visual Studio 15
VisualStudioVersion = 15.0.28307.1340
MinimumVisualStudioVersion = 10.0.40219.1
Project("{8BC9CEB8-8B4A-11D0-8D11-00A0C91BC942}") = "04_08_ex", "04_08_ex\04_08_ex.vcxproj", "{DB53B334-814C-48FA-BCC0-9489782B47B9}"
EndProject
Global
	GlobalSection(SolutionConfigurationPlatforms) = preSolution
		Debug|x64 = Debug|x64
		Debug|x86 = Debug|x86
		Release|x64 = Release|x64
		Release|x86 = Release|x86
	EndGlobalSection
	GlobalSection(ProjectConfigurationPlatforms) = postSolution
		{DB53B334-814C-48FA-BCC0-9489782B47B9}.Debug|x64.ActiveCfg = Debug|x64
		{DB53B334-814C-48FA-BCC0-9489782B47B9}.Debug|x64.Build.0 = Debug|x64
		{DB53B334-814C-48FA-BCC0-9489782B47B9}.Debug|x86.ActiveCfg = Debug|Win32
		{DB53B334-814C-48FA-BCC0-9489782B47B9}.Debug|x86.Build.0 = Debug|Win32
		{DB53B334-814C-48FA-BCC0-9489782B47B9}.Release|x64.ActiveCfg = Release|x64
		{DB53B334-814C-48FA-BCC0-9489782B47B9}.Release|x64.Build.0 = Release|x64
		{DB53B334-814C-48FA-BCC0-9489782B47B9}.Release|x86.ActiveCfg = Release|Win32
		{DB53B334-814C-48FA-BCC0-9489782B47B9}.Release|x86.Build.0 = Release|Win32
	EndGlobalSection
	GlobalSection(SolutionProperties) = preSolution
		HideSolutionNode = FALSE
	EndGlobalSection
	GlobalSection(ExtensibilityGlobals) = postSolution
		SolutionGuid = {B5B0ADD0-994F-4E3F-BB60-9681B7AD9E15}
	EndGlobalSection
EndGlobal
